
Microsoft Visual Studio Solution File, Format Version 11.00
# Visual Studio 2010
Project("{FAE04EC0-301F-11D3-BF4B-00C04F79EFBC}") = "CCategory", "CCategory\CCategory.csproj", "{E09B5043-3CB7-441E-B00A-3061FD14ACCB}"
EndProject
Global
	GlobalSection(SolutionConfigurationPlatforms) = preSolution
		Debug|x86 = Debug|x86
		Release|x86 = Release|x86
	EndGlobalSection
	GlobalSection(ProjectConfigurationPlatforms) = postSolution
		{E09B5043-3CB7-441E-B00A-3061FD14ACCB}.Debug|x86.ActiveCfg = Debug|x86
		{E09B5043-3CB7-441E-B00A-3061FD14ACCB}.Debug|x86.Build.0 = Debug|x86
		{E09B5043-3CB7-441E-B00A-3061FD14ACCB}.Release|x86.ActiveCfg = Release|x86
		{E09B5043-3CB7-441E-B00A-3061FD14ACCB}.Release|x86.Build.0 = Release|x86
	EndGlobalSection
	GlobalSection(MonoDevelopProperties) = preSolution
		StartupItem = CCategory\CCategory.csproj
	EndGlobalSection
EndGlobal
