
Microsoft Visual Studio Solution File, Format Version 11.00
# Visual Studio 2010
Project("{FAE04EC0-301F-11D3-BF4B-00C04F79EFBC}") = "PBingo", "PBingo\PBingo.csproj", "{A478362A-7402-49CB-AD63-C3E4DEB9A74C}"
EndProject
Global
	GlobalSection(SolutionConfigurationPlatforms) = preSolution
		Debug|x86 = Debug|x86
		Release|x86 = Release|x86
	EndGlobalSection
	GlobalSection(ProjectConfigurationPlatforms) = postSolution
		{A478362A-7402-49CB-AD63-C3E4DEB9A74C}.Debug|x86.ActiveCfg = Debug|x86
		{A478362A-7402-49CB-AD63-C3E4DEB9A74C}.Debug|x86.Build.0 = Debug|x86
		{A478362A-7402-49CB-AD63-C3E4DEB9A74C}.Release|x86.ActiveCfg = Release|x86
		{A478362A-7402-49CB-AD63-C3E4DEB9A74C}.Release|x86.Build.0 = Release|x86
	EndGlobalSection
	GlobalSection(MonoDevelopProperties) = preSolution
		StartupItem = PBingo\PBingo.csproj
	EndGlobalSection
EndGlobal
